
Microsoft Visual Studio Solution File, Format Version 12.00
# Visual Studio Version 16
VisualStudioVersion = 16.0.30711.63
MinimumVisualStudioVersion = 10.0.40219.1
Project("{FAE04EC0-301F-11D3-BF4B-00C04F79EFBC}") = "Vitor_Challenge_Dev", "Vitor_Challenge_Dev.csproj", "{CFD36FC8-CCD4-4A78-8787-06002B447819}"
EndProject
Global
	GlobalSection(SolutionConfigurationPlatforms) = preSolution
		Debug|Any CPU = Debug|Any CPU
		Release|Any CPU = Release|Any CPU
	EndGlobalSection
	GlobalSection(ProjectConfigurationPlatforms) = postSolution
		{CFD36FC8-CCD4-4A78-8787-06002B447819}.Debug|Any CPU.ActiveCfg = Debug|Any CPU
		{CFD36FC8-CCD4-4A78-8787-06002B447819}.Debug|Any CPU.Build.0 = Debug|Any CPU
		{CFD36FC8-CCD4-4A78-8787-06002B447819}.Release|Any CPU.ActiveCfg = Release|Any CPU
		{CFD36FC8-CCD4-4A78-8787-06002B447819}.Release|Any CPU.Build.0 = Release|Any CPU
	EndGlobalSection
	GlobalSection(SolutionProperties) = preSolution
		HideSolutionNode = FALSE
	EndGlobalSection
	GlobalSection(ExtensibilityGlobals) = postSolution
		SolutionGuid = {9F117312-BDD5-4421-9437-89DCEF0B98E4}
	EndGlobalSection
EndGlobal
