
Microsoft Visual Studio Solution File, Format Version 12.00
# Visual Studio Version 17
VisualStudioVersion = 17.3.32825.248
MinimumVisualStudioVersion = 10.0.40219.1
Project("{54A90642-561A-4BB1-A94E-469ADEE60C69}") = "Desafio", "Desafio\Desafio.esproj", "{0B8BF1D6-C626-40B5-8A36-AF6A493D1E94}"
EndProject
Project("{FAE04EC0-301F-11D3-BF4B-00C04F79EFBC}") = "DesafioAPI", "DesafioAPI\DesafioAPI.csproj", "{B5431B27-273B-4125-AB1C-5A7DD066B0B0}"
EndProject
Global
	GlobalSection(SolutionConfigurationPlatforms) = preSolution
		Debug|Any CPU = Debug|Any CPU
		Release|Any CPU = Release|Any CPU
	EndGlobalSection
	GlobalSection(ProjectConfigurationPlatforms) = postSolution
		{0B8BF1D6-C626-40B5-8A36-AF6A493D1E94}.Debug|Any CPU.ActiveCfg = Debug|Any CPU
		{0B8BF1D6-C626-40B5-8A36-AF6A493D1E94}.Debug|Any CPU.Build.0 = Debug|Any CPU
		{0B8BF1D6-C626-40B5-8A36-AF6A493D1E94}.Debug|Any CPU.Deploy.0 = Debug|Any CPU
		{0B8BF1D6-C626-40B5-8A36-AF6A493D1E94}.Release|Any CPU.ActiveCfg = Release|Any CPU
		{0B8BF1D6-C626-40B5-8A36-AF6A493D1E94}.Release|Any CPU.Build.0 = Release|Any CPU
		{0B8BF1D6-C626-40B5-8A36-AF6A493D1E94}.Release|Any CPU.Deploy.0 = Release|Any CPU
		{B5431B27-273B-4125-AB1C-5A7DD066B0B0}.Debug|Any CPU.ActiveCfg = Debug|Any CPU
		{B5431B27-273B-4125-AB1C-5A7DD066B0B0}.Debug|Any CPU.Build.0 = Debug|Any CPU
		{B5431B27-273B-4125-AB1C-5A7DD066B0B0}.Release|Any CPU.ActiveCfg = Release|Any CPU
		{B5431B27-273B-4125-AB1C-5A7DD066B0B0}.Release|Any CPU.Build.0 = Release|Any CPU
	EndGlobalSection
	GlobalSection(SolutionProperties) = preSolution
		HideSolutionNode = FALSE
	EndGlobalSection
	GlobalSection(ExtensibilityGlobals) = postSolution
		SolutionGuid = {7436D617-4071-4F22-8FA8-C07A35806350}
	EndGlobalSection
EndGlobal
